// !$*UTF8*$!
{
	archiveVersion = 1;
	classes = {
	};
	objectVersion = 46;
	objects = {

/* Begin PBXBuildFile section */
		3F5FCDF5197FF9D100442F91 /* Cocoa.framework in Frameworks */ = {isa = PBXBuildFile; fileRef = 3F5FCDF4197FF9D100442F91 /* Cocoa.framework */; };
		3F5FCDF7197FF9D100442F91 /* SpriteKit.framework in Frameworks */ = {isa = PBXBuildFile; fileRef = 3F5FCDF6197FF9D100442F91 /* SpriteKit.framework */; };
		3F5FCE01197FF9D100442F91 /* InfoPlist.strings in Resources */ = {isa = PBXBuildFile; fileRef = 3F5FCDFF197FF9D100442F91 /* InfoPlist.strings */; };
		3F5FCE03197FF9D100442F91 /* main.m in Sources */ = {isa = PBXBuildFile; fileRef = 3F5FCE02197FF9D100442F91 /* main.m */; };
		3F5FCE07197FF9D100442F91 /* Credits.rtf in Resources */ = {isa = PBXBuildFile; fileRef = 3F5FCE05197FF9D100442F91 /* Credits.rtf */; };
		3F5FCE09197FF9D100442F91 /* MainMenu.xib in Resources */ = {isa = PBXBuildFile; fileRef = 3F5FCE08197FF9D100442F91 /* MainMenu.xib */; };
		3F5FCE0B197FF9D100442F91 /* MyScene.m in Sources */ = {isa = PBXBuildFile; fileRef = 3F5FCE0A197FF9D100442F91 /* MyScene.m */; };
		3F5FCE0E197FF9D100442F91 /* AppDelegate.m in Sources */ = {isa = PBXBuildFile; fileRef = 3F5FCE0D197FF9D100442F91 /* AppDelegate.m */; };
		3F5FCE11197FF9D100442F91 /* Spaceship.png in Resources */ = {isa = PBXBuildFile; fileRef = 3F5FCE10197FF9D100442F91 /* Spaceship.png */; };
		3F5FCE13197FF9D100442F91 /* Images.xcassets in Resources */ = {isa = PBXBuildFile; fileRef = 3F5FCE12197FF9D100442F91 /* Images.xcassets */; };
		3F5FCE1A197FF9D100442F91 /* XCTest.framework in Frameworks */ = {isa = PBXBuildFile; fileRef = 3F5FCE19197FF9D100442F91 /* XCTest.framework */; };
		3F5FCE1B197FF9D100442F91 /* Cocoa.framework in Frameworks */ = {isa = PBXBuildFile; fileRef = 3F5FCDF4197FF9D100442F91 /* Cocoa.framework */; };
		3F5FCE23197FF9D100442F91 /* InfoPlist.strings in Resources */ = {isa = PBXBuildFile; fileRef = 3F5FCE21197FF9D100442F91 /* InfoPlist.strings */; };
		3F5FCE25197FF9D100442F91 /* BoidsMacTests.m in Sources */ = {isa = PBXBuildFile; fileRef = 3F5FCE24197FF9D100442F91 /* BoidsMacTests.m */; };
		3F5FCE30197FFA4300442F91 /* Flock.m in Sources */ = {isa = PBXBuildFile; fileRef = 3F5FCE2F197FFA4300442F91 /* Flock.m */; };
		3F5FCE33197FFA6700442F91 /* Boid.m in Sources */ = {isa = PBXBuildFile; fileRef = 3F5FCE32197FFA6700442F91 /* Boid.m */; };
/* End PBXBuildFile section */

/* Begin PBXContainerItemProxy section */
		3F5FCE1C197FF9D100442F91 /* PBXContainerItemProxy */ = {
			isa = PBXContainerItemProxy;
			containerPortal = 3F5FCDE9197FF9D000442F91 /* Project object */;
			proxyType = 1;
			remoteGlobalIDString = 3F5FCDF0197FF9D000442F91;
			remoteInfo = BoidsMac;
		};
/* End PBXContainerItemProxy section */

/* Begin PBXFileReference section */
		3F5FCDF1197FF9D100442F91 /* BoidsMac.app */ = {isa = PBXFileReference; explicitFileType = wrapper.application; includeInIndex = 0; path = BoidsMac.app; sourceTree = BUILT_PRODUCTS_DIR; };
		3F5FCDF4197FF9D100442F91 /* Cocoa.framework */ = {isa = PBXFileReference; lastKnownFileType = wrapper.framework; name = Cocoa.framework; path = System/Library/Frameworks/Cocoa.framework; sourceTree = SDKROOT; };
		3F5FCDF6197FF9D100442F91 /* SpriteKit.framework */ = {isa = PBXFileReference; lastKnownFileType = wrapper.framework; name = SpriteKit.framework; path = System/Library/Frameworks/SpriteKit.framework; sourceTree = SDKROOT; };
		3F5FCDF9197FF9D100442F91 /* AppKit.framework */ = {isa = PBXFileReference; lastKnownFileType = wrapper.framework; name = AppKit.framework; path = System/Library/Frameworks/AppKit.framework; sourceTree = SDKROOT; };
		3F5FCDFA197FF9D100442F91 /* CoreData.framework */ = {isa = PBXFileReference; lastKnownFileType = wrapper.framework; name = CoreData.framework; path = System/Library/Frameworks/CoreData.framework; sourceTree = SDKROOT; };
		3F5FCDFB197FF9D100442F91 /* Foundation.framework */ = {isa = PBXFileReference; lastKnownFileType = wrapper.framework; name = Foundation.framework; path = System/Library/Frameworks/Foundation.framework; sourceTree = SDKROOT; };
		3F5FCDFE197FF9D100442F91 /* BoidsMac-Info.plist */ = {isa = PBXFileReference; lastKnownFileType = text.plist.xml; path = "BoidsMac-Info.plist"; sourceTree = "<group>"; };
		3F5FCE00197FF9D100442F91 /* en */ = {isa = PBXFileReference; lastKnownFileType = text.plist.strings; name = en; path = en.lproj/InfoPlist.strings; sourceTree = "<group>"; };
		3F5FCE02197FF9D100442F91 /* main.m */ = {isa = PBXFileReference; lastKnownFileType = sourcecode.c.objc; path = main.m; sourceTree = "<group>"; };
		3F5FCE04197FF9D100442F91 /* BoidsMac-Prefix.pch */ = {isa = PBXFileReference; lastKnownFileType = sourcecode.c.h; path = "BoidsMac-Prefix.pch"; sourceTree = "<group>"; };
		3F5FCE06197FF9D100442F91 /* en */ = {isa = PBXFileReference; lastKnownFileType = text.rtf; name = en; path = en.lproj/Credits.rtf; sourceTree = "<group>"; };
		3F5FCE08197FF9D100442F91 /* MainMenu.xib */ = {isa = PBXFileReference; lastKnownFileType = file.xib; path = MainMenu.xib; sourceTree = "<group>"; };
		3F5FCE0A197FF9D100442F91 /* MyScene.m */ = {isa = PBXFileReference; lastKnownFileType = sourcecode.c.objc; path = MyScene.m; sourceTree = "<group>"; };
		3F5FCE0C197FF9D100442F91 /* MyScene.h */ = {isa = PBXFileReference; lastKnownFileType = sourcecode.c.h; path = MyScene.h; sourceTree = "<group>"; };
		3F5FCE0D197FF9D100442F91 /* AppDelegate.m */ = {isa = PBXFileReference; lastKnownFileType = sourcecode.c.objc; path = AppDelegate.m; sourceTree = "<group>"; };
		3F5FCE0F197FF9D100442F91 /* AppDelegate.h */ = {isa = PBXFileReference; lastKnownFileType = sourcecode.c.h; path = AppDelegate.h; sourceTree = "<group>"; };
		3F5FCE10197FF9D100442F91 /* Spaceship.png */ = {isa = PBXFileReference; lastKnownFileType = image.png; path = Spaceship.png; sourceTree = "<group>"; };
		3F5FCE12197FF9D100442F91 /* Images.xcassets */ = {isa = PBXFileReference; lastKnownFileType = folder.assetcatalog; path = Images.xcassets; sourceTree = "<group>"; };
		3F5FCE18197FF9D100442F91 /* BoidsMacTests.xctest */ = {isa = PBXFileReference; explicitFileType = wrapper.cfbundle; includeInIndex = 0; path = BoidsMacTests.xctest; sourceTree = BUILT_PRODUCTS_DIR; };
		3F5FCE19197FF9D100442F91 /* XCTest.framework */ = {isa = PBXFileReference; lastKnownFileType = wrapper.framework; name = XCTest.framework; path = Library/Frameworks/XCTest.framework; sourceTree = DEVELOPER_DIR; };
		3F5FCE20197FF9D100442F91 /* BoidsMacTests-Info.plist */ = {isa = PBXFileReference; lastKnownFileType = text.plist.xml; path = "BoidsMacTests-Info.plist"; sourceTree = "<group>"; };
		3F5FCE22197FF9D100442F91 /* en */ = {isa = PBXFileReference; lastKnownFileType = text.plist.strings; name = en; path = en.lproj/InfoPlist.strings; sourceTree = "<group>"; };
		3F5FCE24197FF9D100442F91 /* BoidsMacTests.m */ = {isa = PBXFileReference; lastKnownFileType = sourcecode.c.objc; path = BoidsMacTests.m; sourceTree = "<group>"; };
		3F5FCE2E197FFA4300442F91 /* Flock.h */ = {isa = PBXFileReference; fileEncoding = 4; lastKnownFileType = sourcecode.c.h; path = Flock.h; sourceTree = "<group>"; };
		3F5FCE2F197FFA4300442F91 /* Flock.m */ = {isa = PBXFileReference; fileEncoding = 4; lastKnownFileType = sourcecode.c.objc; path = Flock.m; sourceTree = "<group>"; };
		3F5FCE31197FFA6700442F91 /* Boid.h */ = {isa = PBXFileReference; fileEncoding = 4; lastKnownFileType = sourcecode.c.h; path = Boid.h; sourceTree = "<group>"; };
		3F5FCE32197FFA6700442F91 /* Boid.m */ = {isa = PBXFileReference; fileEncoding = 4; lastKnownFileType = sourcecode.c.objc; path = Boid.m; sourceTree = "<group>"; };
/* End PBXFileReference section */

/* Begin PBXFrameworksBuildPhase section */
		3F5FCDEE197FF9D000442F91 /* Frameworks */ = {
			isa = PBXFrameworksBuildPhase;
			buildActionMask = 2147483647;
			files = (
				3F5FCDF7197FF9D100442F91 /* SpriteKit.framework in Frameworks */,
				3F5FCDF5197FF9D100442F91 /* Cocoa.framework in Frameworks */,
			);
			runOnlyForDeploymentPostprocessing = 0;
		};
		3F5FCE15197FF9D100442F91 /* Frameworks */ = {
			isa = PBXFrameworksBuildPhase;
			buildActionMask = 2147483647;
			files = (
				3F5FCE1B197FF9D100442F91 /* Cocoa.framework in Frameworks */,
				3F5FCE1A197FF9D100442F91 /* XCTest.framework in Frameworks */,
			);
			runOnlyForDeploymentPostprocessing = 0;
		};
/* End PBXFrameworksBuildPhase section */

/* Begin PBXGroup section */
		3F5FCDE8197FF9D000442F91 = {
			isa = PBXGroup;
			children = (
				3F5FCDFC197FF9D100442F91 /* BoidsMac */,
				3F5FCE1E197FF9D100442F91 /* BoidsMacTests */,
				3F5FCDF3197FF9D100442F91 /* Frameworks */,
				3F5FCDF2197FF9D100442F91 /* Products */,
			);
			sourceTree = "<group>";
		};
		3F5FCDF2197FF9D100442F91 /* Products */ = {
			isa = PBXGroup;
			children = (
				3F5FCDF1197FF9D100442F91 /* BoidsMac.app */,
				3F5FCE18197FF9D100442F91 /* BoidsMacTests.xctest */,
			);
			name = Products;
			sourceTree = "<group>";
		};
		3F5FCDF3197FF9D100442F91 /* Frameworks */ = {
			isa = PBXGroup;
			children = (
				3F5FCDF4197FF9D100442F91 /* Cocoa.framework */,
				3F5FCDF6197FF9D100442F91 /* SpriteKit.framework */,
				3F5FCE19197FF9D100442F91 /* XCTest.framework */,
				3F5FCDF8197FF9D100442F91 /* Other Frameworks */,
			);
			name = Frameworks;
			sourceTree = "<group>";
		};
		3F5FCDF8197FF9D100442F91 /* Other Frameworks */ = {
			isa = PBXGroup;
			children = (
				3F5FCDF9197FF9D100442F91 /* AppKit.framework */,
				3F5FCDFA197FF9D100442F91 /* CoreData.framework */,
				3F5FCDFB197FF9D100442F91 /* Foundation.framework */,
			);
			name = "Other Frameworks";
			sourceTree = "<group>";
		};
		3F5FCDFC197FF9D100442F91 /* BoidsMac */ = {
			isa = PBXGroup;
			children = (
				3F5FCE08197FF9D100442F91 /* MainMenu.xib */,
				3F5FCE0A197FF9D100442F91 /* MyScene.m */,
				3F5FCE0C197FF9D100442F91 /* MyScene.h */,
				3F5FCE0D197FF9D100442F91 /* AppDelegate.m */,
				3F5FCE0F197FF9D100442F91 /* AppDelegate.h */,
				3F5FCE2E197FFA4300442F91 /* Flock.h */,
				3F5FCE2F197FFA4300442F91 /* Flock.m */,
				3F5FCE31197FFA6700442F91 /* Boid.h */,
				3F5FCE32197FFA6700442F91 /* Boid.m */,
				3F5FCE10197FF9D100442F91 /* Spaceship.png */,
				3F5FCE12197FF9D100442F91 /* Images.xcassets */,
				3F5FCDFD197FF9D100442F91 /* Supporting Files */,
			);
			path = BoidsMac;
			sourceTree = "<group>";
		};
		3F5FCDFD197FF9D100442F91 /* Supporting Files */ = {
			isa = PBXGroup;
			children = (
				3F5FCDFE197FF9D100442F91 /* BoidsMac-Info.plist */,
				3F5FCDFF197FF9D100442F91 /* InfoPlist.strings */,
				3F5FCE02197FF9D100442F91 /* main.m */,
				3F5FCE04197FF9D100442F91 /* BoidsMac-Prefix.pch */,
				3F5FCE05197FF9D100442F91 /* Credits.rtf */,
			);
			name = "Supporting Files";
			sourceTree = "<group>";
		};
		3F5FCE1E197FF9D100442F91 /* BoidsMacTests */ = {
			isa = PBXGroup;
			children = (
				3F5FCE24197FF9D100442F91 /* BoidsMacTests.m */,
				3F5FCE1F197FF9D100442F91 /* Supporting Files */,
			);
			path = BoidsMacTests;
			sourceTree = "<group>";
		};
		3F5FCE1F197FF9D100442F91 /* Supporting Files */ = {
			isa = PBXGroup;
			children = (
				3F5FCE20197FF9D100442F91 /* BoidsMacTests-Info.plist */,
				3F5FCE21197FF9D100442F91 /* InfoPlist.strings */,
			);
			name = "Supporting Files";
			sourceTree = "<group>";
		};
/* End PBXGroup section */

/* Begin PBXNativeTarget section */
		3F5FCDF0197FF9D000442F91 /* BoidsMac */ = {
			isa = PBXNativeTarget;
			buildConfigurationList = 3F5FCE28197FF9D100442F91 /* Build configuration list for PBXNativeTarget "BoidsMac" */;
			buildPhases = (
				3F5FCDED197FF9D000442F91 /* Sources */,
				3F5FCDEE197FF9D000442F91 /* Frameworks */,
				3F5FCDEF197FF9D000442F91 /* Resources */,
			);
			buildRules = (
			);
			dependencies = (
			);
			name = BoidsMac;
			productName = BoidsMac;
			productReference = 3F5FCDF1197FF9D100442F91 /* BoidsMac.app */;
			productType = "com.apple.product-type.application";
		};
		3F5FCE17197FF9D100442F91 /* BoidsMacTests */ = {
			isa = PBXNativeTarget;
			buildConfigurationList = 3F5FCE2B197FF9D100442F91 /* Build configuration list for PBXNativeTarget "BoidsMacTests" */;
			buildPhases = (
				3F5FCE14197FF9D100442F91 /* Sources */,
				3F5FCE15197FF9D100442F91 /* Frameworks */,
				3F5FCE16197FF9D100442F91 /* Resources */,
			);
			buildRules = (
			);
			dependencies = (
				3F5FCE1D197FF9D100442F91 /* PBXTargetDependency */,
			);
			name = BoidsMacTests;
			productName = BoidsMacTests;
			productReference = 3F5FCE18197FF9D100442F91 /* BoidsMacTests.xctest */;
			productType = "com.apple.product-type.bundle.unit-test";
		};
/* End PBXNativeTarget section */

/* Begin PBXProject section */
		3F5FCDE9197FF9D000442F91 /* Project object */ = {
			isa = PBXProject;
			attributes = {
				LastUpgradeCheck = 0510;
				ORGANIZATIONNAME = "___FULLUSERNAME___";
				TargetAttributes = {
					3F5FCE17197FF9D100442F91 = {
						TestTargetID = 3F5FCDF0197FF9D000442F91;
					};
				};
			};
			buildConfigurationList = 3F5FCDEC197FF9D000442F91 /* Build configuration list for PBXProject "BoidsMac" */;
			compatibilityVersion = "Xcode 3.2";
			developmentRegion = English;
			hasScannedForEncodings = 0;
			knownRegions = (
				en,
			);
			mainGroup = 3F5FCDE8197FF9D000442F91;
			productRefGroup = 3F5FCDF2197FF9D100442F91 /* Products */;
			projectDirPath = "";
			projectRoot = "";
			targets = (
				3F5FCDF0197FF9D000442F91 /* BoidsMac */,
				3F5FCE17197FF9D100442F91 /* BoidsMacTests */,
			);
		};
/* End PBXProject section */

/* Begin PBXResourcesBuildPhase section */
		3F5FCDEF197FF9D000442F91 /* Resources */ = {
			isa = PBXResourcesBuildPhase;
			buildActionMask = 2147483647;
			files = (
				3F5FCE11197FF9D100442F91 /* Spaceship.png in Resources */,
				3F5FCE13197FF9D100442F91 /* Images.xcassets in Resources */,
				3F5FCE01197FF9D100442F91 /* InfoPlist.strings in Resources */,
				3F5FCE07197FF9D100442F91 /* Credits.rtf in Resources */,
				3F5FCE09197FF9D100442F91 /* MainMenu.xib in Resources */,
			);
			runOnlyForDeploymentPostprocessing = 0;
		};
		3F5FCE16197FF9D100442F91 /* Resources */ = {
			isa = PBXResourcesBuildPhase;
			buildActionMask = 2147483647;
			files = (
				3F5FCE23197FF9D100442F91 /* InfoPlist.strings in Resources */,
			);
			runOnlyForDeploymentPostprocessing = 0;
		};
/* End PBXResourcesBuildPhase section */

/* Begin PBXSourcesBuildPhase section */
		3F5FCDED197FF9D000442F91 /* Sources */ = {
			isa = PBXSourcesBuildPhase;
			buildActionMask = 2147483647;
			files = (
				3F5FCE33197FFA6700442F91 /* Boid.m in Sources */,
				3F5FCE0B197FF9D100442F91 /* MyScene.m in Sources */,
				3F5FCE30197FFA4300442F91 /* Flock.m in Sources */,
				3F5FCE03197FF9D100442F91 /* main.m in Sources */,
				3F5FCE0E197FF9D100442F91 /* AppDelegate.m in Sources */,
			);
			runOnlyForDeploymentPostprocessing = 0;
		};
		3F5FCE14197FF9D100442F91 /* Sources */ = {
			isa = PBXSourcesBuildPhase;
			buildActionMask = 2147483647;
			files = (
				3F5FCE25197FF9D100442F91 /* BoidsMacTests.m in Sources */,
			);
			runOnlyForDeploymentPostprocessing = 0;
		};
/* End PBXSourcesBuildPhase section */

/* Begin PBXTargetDependency section */
		3F5FCE1D197FF9D100442F91 /* PBXTargetDependency */ = {
			isa = PBXTargetDependency;
			target = 3F5FCDF0197FF9D000442F91 /* BoidsMac */;
			targetProxy = 3F5FCE1C197FF9D100442F91 /* PBXContainerItemProxy */;
		};
/* End PBXTargetDependency section */

/* Begin PBXVariantGroup section */
		3F5FCDFF197FF9D100442F91 /* InfoPlist.strings */ = {
			isa = PBXVariantGroup;
			children = (
				3F5FCE00197FF9D100442F91 /* en */,
			);
			name = InfoPlist.strings;
			sourceTree = "<group>";
		};
		3F5FCE05197FF9D100442F91 /* Credits.rtf */ = {
			isa = PBXVariantGroup;
			children = (
				3F5FCE06197FF9D100442F91 /* en */,
			);
			name = Credits.rtf;
			sourceTree = "<group>";
		};
		3F5FCE21197FF9D100442F91 /* InfoPlist.strings */ = {
			isa = PBXVariantGroup;
			children = (
				3F5FCE22197FF9D100442F91 /* en */,
			);
			name = InfoPlist.strings;
			sourceTree = "<group>";
		};
/* End PBXVariantGroup section */

/* Begin XCBuildConfiguration section */
		3F5FCE26197FF9D100442F91 /* Debug */ = {
			isa = XCBuildConfiguration;
			buildSettings = {
				ALWAYS_SEARCH_USER_PATHS = NO;
				CLANG_CXX_LANGUAGE_STANDARD = "gnu++0x";
				CLANG_CXX_LIBRARY = "libc++";
				CLANG_ENABLE_MODULES = YES;
				CLANG_ENABLE_OBJC_ARC = YES;
				CLANG_WARN_BOOL_CONVERSION = YES;
				CLANG_WARN_CONSTANT_CONVERSION = YES;
				CLANG_WARN_DIRECT_OBJC_ISA_USAGE = YES_ERROR;
				CLANG_WARN_EMPTY_BODY = YES;
				CLANG_WARN_ENUM_CONVERSION = YES;
				CLANG_WARN_INT_CONVERSION = YES;
				CLANG_WARN_OBJC_ROOT_CLASS = YES_ERROR;
				CLANG_WARN__DUPLICATE_METHOD_MATCH = YES;
				COPY_PHASE_STRIP = NO;
				GCC_C_LANGUAGE_STANDARD = gnu99;
				GCC_DYNAMIC_NO_PIC = NO;
				GCC_ENABLE_OBJC_EXCEPTIONS = YES;
				GCC_OPTIMIZATION_LEVEL = 0;
				GCC_PREPROCESSOR_DEFINITIONS = (
					"DEBUG=1",
					"$(inherited)",
				);
				GCC_SYMBOLS_PRIVATE_EXTERN = NO;
				GCC_WARN_64_TO_32_BIT_CONVERSION = YES;
				GCC_WARN_ABOUT_RETURN_TYPE = YES_ERROR;
				GCC_WARN_UNDECLARED_SELECTOR = YES;
				GCC_WARN_UNINITIALIZED_AUTOS = YES_AGGRESSIVE;
				GCC_WARN_UNUSED_FUNCTION = YES;
				GCC_WARN_UNUSED_VARIABLE = YES;
				MACOSX_DEPLOYMENT_TARGET = 10.9;
				ONLY_ACTIVE_ARCH = YES;
				SDKROOT = macosx;
			};
			name = Debug;
		};
		3F5FCE27197FF9D100442F91 /* Release */ = {
			isa = XCBuildConfiguration;
			buildSettings = {
				ALWAYS_SEARCH_USER_PATHS = NO;
				CLANG_CXX_LANGUAGE_STANDARD = "gnu++0x";
				CLANG_CXX_LIBRARY = "libc++";
				CLANG_ENABLE_MODULES = YES;
				CLANG_ENABLE_OBJC_ARC = YES;
				CLANG_WARN_BOOL_CONVERSION = YES;
				CLANG_WARN_CONSTANT_CONVERSION = YES;
				CLANG_WARN_DIRECT_OBJC_ISA_USAGE = YES_ERROR;
				CLANG_WARN_EMPTY_BODY = YES;
				CLANG_WARN_ENUM_CONVERSION = YES;
				CLANG_WARN_INT_CONVERSION = YES;
				CLANG_WARN_OBJC_ROOT_CLASS = YES_ERROR;
				CLANG_WARN__DUPLICATE_METHOD_MATCH = YES;
				COPY_PHASE_STRIP = YES;
				DEBUG_INFORMATION_FORMAT = "dwarf-with-dsym";
				ENABLE_NS_ASSERTIONS = NO;
				GCC_C_LANGUAGE_STANDARD = gnu99;
				GCC_ENABLE_OBJC_EXCEPTIONS = YES;
				GCC_WARN_64_TO_32_BIT_CONVERSION = YES;
				GCC_WARN_ABOUT_RETURN_TYPE = YES_ERROR;
				GCC_WARN_UNDECLARED_SELECTOR = YES;
				GCC_WARN_UNINITIALIZED_AUTOS = YES_AGGRESSIVE;
				GCC_WARN_UNUSED_FUNCTION = YES;
				GCC_WARN_UNUSED_VARIABLE = YES;
				MACOSX_DEPLOYMENT_TARGET = 10.9;
				SDKROOT = macosx;
			};
			name = Release;
		};
		3F5FCE29197FF9D100442F91 /* Debug */ = {
			isa = XCBuildConfiguration;
			buildSettings = {
				ASSETCATALOG_COMPILER_APPICON_NAME = AppIcon;
				COMBINE_HIDPI_IMAGES = YES;
				GCC_PRECOMPILE_PREFIX_HEADER = YES;
				GCC_PREFIX_HEADER = "BoidsMac/BoidsMac-Prefix.pch";
				INFOPLIST_FILE = "BoidsMac/BoidsMac-Info.plist";
				PRODUCT_NAME = "$(TARGET_NAME)";
				SPRITEKIT_TEXTURE_ATLAS_OUTPUT = YES;
				WRAPPER_EXTENSION = app;
			};
			name = Debug;
		};
		3F5FCE2A197FF9D100442F91 /* Release */ = {
			isa = XCBuildConfiguration;
			buildSettings = {
				ASSETCATALOG_COMPILER_APPICON_NAME = AppIcon;
				COMBINE_HIDPI_IMAGES = YES;
				GCC_PRECOMPILE_PREFIX_HEADER = YES;
				GCC_PREFIX_HEADER = "BoidsMac/BoidsMac-Prefix.pch";
				INFOPLIST_FILE = "BoidsMac/BoidsMac-Info.plist";
				PRODUCT_NAME = "$(TARGET_NAME)";
				SPRITEKIT_TEXTURE_ATLAS_OUTPUT = YES;
				WRAPPER_EXTENSION = app;
			};
			name = Release;
		};
		3F5FCE2C197FF9D100442F91 /* Debug */ = {
			isa = XCBuildConfiguration;
			buildSettings = {
				BUNDLE_LOADER = "$(BUILT_PRODUCTS_DIR)/BoidsMac.app/Contents/MacOS/BoidsMac";
				COMBINE_HIDPI_IMAGES = YES;
				FRAMEWORK_SEARCH_PATHS = (
					"$(DEVELOPER_FRAMEWORKS_DIR)",
					"$(inherited)",
				);
				GCC_PRECOMPILE_PREFIX_HEADER = YES;
				GCC_PREFIX_HEADER = "BoidsMac/BoidsMac-Prefix.pch";
				GCC_PREPROCESSOR_DEFINITIONS = (
					"DEBUG=1",
					"$(inherited)",
				);
				INFOPLIST_FILE = "BoidsMacTests/BoidsMacTests-Info.plist";
				PRODUCT_NAME = "$(TARGET_NAME)";
				TEST_HOST = "$(BUNDLE_LOADER)";
				WRAPPER_EXTENSION = xctest;
			};
			name = Debug;
		};
		3F5FCE2D197FF9D100442F91 /* Release */ = {
			isa = XCBuildConfiguration;
			buildSettings = {
				BUNDLE_LOADER = "$(BUILT_PRODUCTS_DIR)/BoidsMac.app/Contents/MacOS/BoidsMac";
				COMBINE_HIDPI_IMAGES = YES;
				FRAMEWORK_SEARCH_PATHS = (
					"$(DEVELOPER_FRAMEWORKS_DIR)",
					"$(inherited)",
				);
				GCC_PRECOMPILE_PREFIX_HEADER = YES;
				GCC_PREFIX_HEADER = "BoidsMac/BoidsMac-Prefix.pch";
				INFOPLIST_FILE = "BoidsMacTests/BoidsMacTests-Info.plist";
				PRODUCT_NAME = "$(TARGET_NAME)";
				TEST_HOST = "$(BUNDLE_LOADER)";
				WRAPPER_EXTENSION = xctest;
			};
			name = Release;
		};
/* End XCBuildConfiguration section */

/* Begin XCConfigurationList section */
		3F5FCDEC197FF9D000442F91 /* Build configuration list for PBXProject "BoidsMac" */ = {
			isa = XCConfigurationList;
			buildConfigurations = (
				3F5FCE26197FF9D100442F91 /* Debug */,
				3F5FCE27197FF9D100442F91 /* Release */,
			);
			defaultConfigurationIsVisible = 0;
			defaultConfigurationName = Release;
		};
		3F5FCE28197FF9D100442F91 /* Build configuration list for PBXNativeTarget "BoidsMac" */ = {
			isa = XCConfigurationList;
			buildConfigurations = (
				3F5FCE29197FF9D100442F91 /* Debug */,
				3F5FCE2A197FF9D100442F91 /* Release */,
			);
			defaultConfigurationIsVisible = 0;
		};
		3F5FCE2B197FF9D100442F91 /* Build configuration list for PBXNativeTarget "BoidsMacTests" */ = {
			isa = XCConfigurationList;
			buildConfigurations = (
				3F5FCE2C197FF9D100442F91 /* Debug */,
				3F5FCE2D197FF9D100442F91 /* Release */,
			);
			defaultConfigurationIsVisible = 0;
		};
/* End XCConfigurationList section */
	};
	rootObject = 3F5FCDE9197FF9D000442F91 /* Project object */;
}
